# generated by rye
# use `rye lock` or `rye sync` to update this lockfile
#
# last locked with the following flags:
#   pre: false
#   features: []
#   all-features: false
#   with-sources: false
#   generate-hashes: false
#   universal: false

-e file:.
anyio==4.4.0
    # via httpx
beartype==0.18.5
    # via plum-dispatch
    # via pyserde
casefy==0.1.7
    # via pyserde
certifi==2024.7.4
    # via httpcore
    # via httpx
exceptiongroup==1.2.2
    # via anyio
h11==0.14.0
    # via httpcore
httpcore==1.0.5
    # via httpx
httpx==0.27.0
    # via portone-server-sdk
idna==3.7
    # via anyio
    # via httpx
jinja2==3.1.4
    # via pyserde
markupsafe==2.1.5
    # via jinja2
mypy-extensions==1.0.0
    # via typing-inspect
plum-dispatch==2.2.2
    # via pyserde
pyserde==0.20.0
    # via portone-server-sdk
sniffio==1.3.1
    # via anyio
    # via httpx
typing-extensions==4.12.2
    # via anyio
    # via plum-dispatch
    # via pyserde
    # via typing-inspect
typing-inspect==0.9.0
    # via pyserde
